{
  "name": "uni-app",
  "version": "3.3.13",
  "lockfileVersion": 2,
  "requires": true,
  "packages": {
    "": {
      "name": "uni-app",
      "version": "3.3.13",
      "license": "ISC",
      "dependencies": {
        "jsencrypt": "^3.3.0"
      }
    },
    "node_modules/jsencrypt": {
      "version": "3.3.0",
      "resolved": "https://registry.npmjs.org/jsencrypt/-/jsencrypt-3.3.0.tgz",
      "integrity": "sha512-OPfQMUU3pJ6KKTvKzr83jePHfyD1zWiWeLtRU9yIWjcbaRWm8MuXIu1/eQlDXPwDZrUjZy+9HVamS2Kmwrvz/Q==",
      "license": "MIT"
    }
  },
  "dependencies": {
    "jsencrypt": {
      "version": "3.3.0",
      "resolved": "https://registry.npmjs.org/jsencrypt/-/jsencrypt-3.3.0.tgz",
      "integrity": "sha512-OPfQMUU3pJ6KKTvKzr83jePHfyD1zWiWeLtRU9yIWjcbaRWm8MuXIu1/eQlDXPwDZrUjZy+9HVamS2Kmwrvz/Q=="
    }
  }
}
